// !$*UTF8*$!
{
	archiveVersion = 1;
	classes = {
	};
	objectVersion = 46;
	objects = {

/* Begin PBXBuildFile section */
		D33BAB4A1ED44511001730A0 /* AppDelegate.swift in Sources */ = {isa = PBXBuildFile; fileRef = D33BAB491ED44511001730A0 /* AppDelegate.swift */; };
		D33BAB4C1ED44511001730A0 /* ViewController.swift in Sources */ = {isa = PBXBuildFile; fileRef = D33BAB4B1ED44511001730A0 /* ViewController.swift */; };
		D33BAB4F1ED44511001730A0 /* Main.storyboard in Resources */ = {isa = PBXBuildFile; fileRef = D33BAB4D1ED44511001730A0 /* Main.storyboard */; };
		D33BAB511ED44511001730A0 /* Assets.xcassets in Resources */ = {isa = PBXBuildFile; fileRef = D33BAB501ED44511001730A0 /* Assets.xcassets */; };
		D33BAB541ED44511001730A0 /* LaunchScreen.storyboard in Resources */ = {isa = PBXBuildFile; fileRef = D33BAB521ED44511001730A0 /* LaunchScreen.storyboard */; };
/* End PBXBuildFile section */

/* Begin PBXFileReference section */
		D33BAB461ED44511001730A0 /* IOS10Dev.app */ = {isa = PBXFileReference; explicitFileType = wrapper.application; includeInIndex = 0; path = IOS10Dev.app; sourceTree = BUILT_PRODUCTS_DIR; };
		D33BAB491ED44511001730A0 /* AppDelegate.swift */ = {isa = PBXFileReference; lastKnownFileType = sourcecode.swift; path = AppDelegate.swift; sourceTree = "<group>"; };
		D33BAB4B1ED44511001730A0 /* ViewController.swift */ = {isa = PBXFileReference; lastKnownFileType = sourcecode.swift; path = ViewController.swift; sourceTree = "<group>"; };
		D33BAB4E1ED44511001730A0 /* Base */ = {isa = PBXFileReference; lastKnownFileType = file.storyboard; name = Base; path = Base.lproj/Main.storyboard; sourceTree = "<group>"; };
		D33BAB501ED44511001730A0 /* Assets.xcassets */ = {isa = PBXFileReference; lastKnownFileType = folder.assetcatalog; path = Assets.xcassets; sourceTree = "<group>"; };
		D33BAB531ED44511001730A0 /* Base */ = {isa = PBXFileReference; lastKnownFileType = file.storyboard; name = Base; path = Base.lproj/LaunchScreen.storyboard; sourceTree = "<group>"; };
		D33BAB551ED44511001730A0 /* Info.plist */ = {isa = PBXFileReference; lastKnownFileType = text.plist.xml; path = Info.plist; sourceTree = "<group>"; };
/* End PBXFileReference section */

/* Begin PBXFrameworksBuildPhase section */
		D33BAB431ED44511001730A0 /* Frameworks */ = {
			isa = PBXFrameworksBuildPhase;
			buildActionMask = 2147483647;
			files = (
			);
			runOnlyForDeploymentPostprocessing = 0;
		};
/* End PBXFrameworksBuildPhase section */

/* Begin PBXGroup section */
		D33BAB3D1ED44511001730A0 = {
			isa = PBXGroup;
			children = (
				D33BAB481ED44511001730A0 /* IOS10Dev */,
				D33BAB471ED44511001730A0 /* Products */,
			);
			sourceTree = "<group>";
		};
		D33BAB471ED44511001730A0 /* Products */ = {
			isa = PBXGroup;
			children = (
				D33BAB461ED44511001730A0 /* IOS10Dev.app */,
			);
			name = Products;
			sourceTree = "<group>";
		};
		D33BAB481ED44511001730A0 /* IOS10Dev */ = {
			isa = PBXGroup;
			children = (
				D33BAB491ED44511001730A0 /* AppDelegate.swift */,
				D33BAB4B1ED44511001730A0 /* ViewController.swift */,
				D33BAB4D1ED44511001730A0 /* Main.storyboard */,
				D33BAB501ED44511001730A0 /* Assets.xcassets */,
				D33BAB521ED44511001730A0 /* LaunchScreen.storyboard */,
				D33BAB551ED44511001730A0 /* Info.plist */,
			);
			path = IOS10Dev;
			sourceTree = "<group>";
		};
/* End PBXGroup section */

/* Begin PBXNativeTarget section */
		D33BAB451ED44511001730A0 /* IOS10Dev */ = {
			isa = PBXNativeTarget;
			buildConfigurationList = D33BAB581ED44511001730A0 /* Build configuration list for PBXNativeTarget "IOS10Dev" */;
			buildPhases = (
				D33BAB421ED44511001730A0 /* Sources */,
				D33BAB431ED44511001730A0 /* Frameworks */,
				D33BAB441ED44511001730A0 /* Resources */,
			);
			buildRules = (
			);
			dependencies = (
			);
			name = IOS10Dev;
			productName = IOS10Dev;
			productReference = D33BAB461ED44511001730A0 /* IOS10Dev.app */;
			productType = "com.apple.product-type.application";
		};
/* End PBXNativeTarget section */

/* Begin PBXProject section */
		D33BAB3E1ED44511001730A0 /* Project object */ = {
			isa = PBXProject;
			attributes = {
				LastSwiftUpdateCheck = 0830;
				LastUpgradeCheck = 0830;
				ORGANIZATIONNAME = "Serop Babikian";
				TargetAttributes = {
					D33BAB451ED44511001730A0 = {
						CreatedOnToolsVersion = 8.3.2;
						DevelopmentTeam = UND7W7UAE5;
						ProvisioningStyle = Automatic;
					};
				};
			};
			buildConfigurationList = D33BAB411ED44511001730A0 /* Build configuration list for PBXProject "IOS10Dev" */;
			compatibilityVersion = "Xcode 3.2";
			developmentRegion = English;
			hasScannedForEncodings = 0;
			knownRegions = (
				en,
				Base,
			);
			mainGroup = D33BAB3D1ED44511001730A0;
			productRefGroup = D33BAB471ED44511001730A0 /* Products */;
			projectDirPath = "";
			projectRoot = "";
			targets = (
				D33BAB451ED44511001730A0 /* IOS10Dev */,
			);
		};
/* End PBXProject section */

/* Begin PBXResourcesBuildPhase section */
		D33BAB441ED44511001730A0 /* Resources */ = {
			isa = PBXResourcesBuildPhase;
			buildActionMask = 2147483647;
			files = (
				D33BAB541ED44511001730A0 /* LaunchScreen.storyboard in Resources */,
				D33BAB511ED44511001730A0 /* Assets.xcassets in Resources */,
				D33BAB4F1ED44511001730A0 /* Main.storyboard in Resources */,
			);
			runOnlyForDeploymentPostprocessing = 0;
		};
/* End PBXResourcesBuildPhase section */

/* Begin PBXSourcesBuildPhase section */
		D33BAB421ED44511001730A0 /* Sources */ = {
			isa = PBXSourcesBuildPhase;
			buildActionMask = 2147483647;
			files = (
				D33BAB4C1ED44511001730A0 /* ViewController.swift in Sources */,
				D33BAB4A1ED44511001730A0 /* AppDelegate.swift in Sources */,
			);
			runOnlyForDeploymentPostprocessing = 0;
		};
/* End PBXSourcesBuildPhase section */

/* Begin PBXVariantGroup section */
		D33BAB4D1ED44511001730A0 /* Main.storyboard */ = {
			isa = PBXVariantGroup;
			children = (
				D33BAB4E1ED44511001730A0 /* Base */,
			);
			name = Main.storyboard;
			sourceTree = "<group>";
		};
		D33BAB521ED44511001730A0 /* LaunchScreen.storyboard */ = {
			isa = PBXVariantGroup;
			children = (
				D33BAB531ED44511001730A0 /* Base */,
			);
			name = LaunchScreen.storyboard;
			sourceTree = "<group>";
		};
/* End PBXVariantGroup section */

/* Begin XCBuildConfiguration section */
		D33BAB561ED44511001730A0 /* Debug */ = {
			isa = XCBuildConfiguration;
			buildSettings = {
				ALWAYS_SEARCH_USER_PATHS = NO;
				CLANG_ANALYZER_NONNULL = YES;
				CLANG_ANALYZER_NUMBER_OBJECT_CONVERSION = YES_AGGRESSIVE;
				CLANG_CXX_LANGUAGE_STANDARD = "gnu++0x";
				CLANG_CXX_LIBRARY = "libc++";
				CLANG_ENABLE_MODULES = YES;
				CLANG_ENABLE_OBJC_ARC = YES;
				CLANG_WARN_BOOL_CONVERSION = YES;
				CLANG_WARN_CONSTANT_CONVERSION = YES;
				CLANG_WARN_DIRECT_OBJC_ISA_USAGE = YES_ERROR;
				CLANG_WARN_DOCUMENTATION_COMMENTS = YES;
				CLANG_WARN_EMPTY_BODY = YES;
				CLANG_WARN_ENUM_CONVERSION = YES;
				CLANG_WARN_INFINITE_RECURSION = YES;
				CLANG_WARN_INT_CONVERSION = YES;
				CLANG_WARN_OBJC_ROOT_CLASS = YES_ERROR;
				CLANG_WARN_SUSPICIOUS_MOVE = YES;
				CLANG_WARN_UNREACHABLE_CODE = YES;
				CLANG_WARN__DUPLICATE_METHOD_MATCH = YES;
				"CODE_SIGN_IDENTITY[sdk=iphoneos*]" = "iPhone Developer";
				COPY_PHASE_STRIP = NO;
				DEBUG_INFORMATION_FORMAT = dwarf;
				ENABLE_STRICT_OBJC_MSGSEND = YES;
				ENABLE_TESTABILITY = YES;
				GCC_C_LANGUAGE_STANDARD = gnu99;
				GCC_DYNAMIC_NO_PIC = NO;
				GCC_NO_COMMON_BLOCKS = YES;
				GCC_OPTIMIZATION_LEVEL = 0;
				GCC_PREPROCESSOR_DEFINITIONS = (
					"DEBUG=1",
					"$(inherited)",
				);
				GCC_WARN_64_TO_32_BIT_CONVERSION = YES;
				GCC_WARN_ABOUT_RETURN_TYPE = YES_ERROR;
				GCC_WARN_UNDECLARED_SELECTOR = YES;
				GCC_WARN_UNINITIALIZED_AUTOS = YES_AGGRESSIVE;
				GCC_WARN_UNUSED_FUNCTION = YES;
				GCC_WARN_UNUSED_VARIABLE = YES;
				IPHONEOS_DEPLOYMENT_TARGET = 10.3;
				MTL_ENABLE_DEBUG_INFO = YES;
				ONLY_ACTIVE_ARCH = YES;
				SDKROOT = iphoneos;
				SWIFT_ACTIVE_COMPILATION_CONDITIONS = DEBUG;
				SWIFT_OPTIMIZATION_LEVEL = "-Onone";
				TARGETED_DEVICE_FAMILY = "1,2";
			};
			name = Debug;
		};
		D33BAB571ED44511001730A0 /* Release */ = {
			isa = XCBuildConfiguration;
			buildSettings = {
				ALWAYS_SEARCH_USER_PATHS = NO;
				CLANG_ANALYZER_NONNULL = YES;
				CLANG_ANALYZER_NUMBER_OBJECT_CONVERSION = YES_AGGRESSIVE;
				CLANG_CXX_LANGUAGE_STANDARD = "gnu++0x";
				CLANG_CXX_LIBRARY = "libc++";
				CLANG_ENABLE_MODULES = YES;
				CLANG_ENABLE_OBJC_ARC = YES;
				CLANG_WARN_BOOL_CONVERSION = YES;
				CLANG_WARN_CONSTANT_CONVERSION = YES;
				CLANG_WARN_DIRECT_OBJC_ISA_USAGE = YES_ERROR;
				CLANG_WARN_DOCUMENTATION_COMMENTS = YES;
				CLANG_WARN_EMPTY_BODY = YES;
				CLANG_WARN_ENUM_CONVERSION = YES;
				CLANG_WARN_INFINITE_RECURSION = YES;
				CLANG_WARN_INT_CONVERSION = YES;
				CLANG_WARN_OBJC_ROOT_CLASS = YES_ERROR;
				CLANG_WARN_SUSPICIOUS_MOVE = YES;
				CLANG_WARN_UNREACHABLE_CODE = YES;
				CLANG_WARN__DUPLICATE_METHOD_MATCH = YES;
				"CODE_SIGN_IDENTITY[sdk=iphoneos*]" = "iPhone Developer";
				COPY_PHASE_STRIP = NO;
				DEBUG_INFORMATION_FORMAT = "dwarf-with-dsym";
				ENABLE_NS_ASSERTIONS = NO;
				ENABLE_STRICT_OBJC_MSGSEND = YES;
				GCC_C_LANGUAGE_STANDARD = gnu99;
				GCC_NO_COMMON_BLOCKS = YES;
				GCC_WARN_64_TO_32_BIT_CONVERSION = YES;
				GCC_WARN_ABOUT_RETURN_TYPE = YES_ERROR;
				GCC_WARN_UNDECLARED_SELECTOR = YES;
				GCC_WARN_UNINITIALIZED_AUTOS = YES_AGGRESSIVE;
				GCC_WARN_UNUSED_FUNCTION = YES;
				GCC_WARN_UNUSED_VARIABLE = YES;
				IPHONEOS_DEPLOYMENT_TARGET = 10.3;
				MTL_ENABLE_DEBUG_INFO = NO;
				SDKROOT = iphoneos;
				SWIFT_OPTIMIZATION_LEVEL = "-Owholemodule";
				TARGETED_DEVICE_FAMILY = "1,2";
				VALIDATE_PRODUCT = YES;
			};
			name = Release;
		};
		D33BAB591ED44511001730A0 /* Debug */ = {
			isa = XCBuildConfiguration;
			buildSettings = {
				ASSETCATALOG_COMPILER_APPICON_NAME = AppIcon;
				DEVELOPMENT_TEAM = UND7W7UAE5;
				INFOPLIST_FILE = IOS10Dev/Info.plist;
				LD_RUNPATH_SEARCH_PATHS = "$(inherited) @executable_path/Frameworks";
				PRODUCT_BUNDLE_IDENTIFIER = serop56.com.IOS10Dev;
				PRODUCT_NAME = "$(TARGET_NAME)";
				SWIFT_VERSION = 3.0;
			};
			name = Debug;
		};
		D33BAB5A1ED44511001730A0 /* Release */ = {
			isa = XCBuildConfiguration;
			buildSettings = {
				ASSETCATALOG_COMPILER_APPICON_NAME = AppIcon;
				DEVELOPMENT_TEAM = UND7W7UAE5;
				INFOPLIST_FILE = IOS10Dev/Info.plist;
				LD_RUNPATH_SEARCH_PATHS = "$(inherited) @executable_path/Frameworks";
				PRODUCT_BUNDLE_IDENTIFIER = serop56.com.IOS10Dev;
				PRODUCT_NAME = "$(TARGET_NAME)";
				SWIFT_VERSION = 3.0;
			};
			name = Release;
		};
/* End XCBuildConfiguration section */

/* Begin XCConfigurationList section */
		D33BAB411ED44511001730A0 /* Build configuration list for PBXProject "IOS10Dev" */ = {
			isa = XCConfigurationList;
			buildConfigurations = (
				D33BAB561ED44511001730A0 /* Debug */,
				D33BAB571ED44511001730A0 /* Release */,
			);
			defaultConfigurationIsVisible = 0;
			defaultConfigurationName = Release;
		};
		D33BAB581ED44511001730A0 /* Build configuration list for PBXNativeTarget "IOS10Dev" */ = {
			isa = XCConfigurationList;
			buildConfigurations = (
				D33BAB591ED44511001730A0 /* Debug */,
				D33BAB5A1ED44511001730A0 /* Release */,
			);
			defaultConfigurationIsVisible = 0;
		};
/* End XCConfigurationList section */
	};
	rootObject = D33BAB3E1ED44511001730A0 /* Project object */;
}
